// !$*UTF8*$!
{
	archiveVersion = 1;
	classes = {
	};
	objectVersion = 55;
	objects = {

/* Begin PBXBuildFile section */
		C10B3E0B27A6EC7B00A19857 /* NSString+iconv.h in Headers */ = {isa = PBXBuildFile; fileRef = C10B3E0927A6EC7B00A19857 /* NSString+iconv.h */; };
		C10B3E0C27A6EC7B00A19857 /* NSString+iconv.m in Sources */ = {isa = PBXBuildFile; fileRef = C10B3E0A27A6EC7B00A19857 /* NSString+iconv.m */; };
		C10B3E0E27A6ECA900A19857 /* libiconv.tbd in Frameworks */ = {isa = PBXBuildFile; fileRef = C10B3E0D27A6EC9C00A19857 /* libiconv.tbd */; };
		C10B3EAF27A7D05200A19857 /* NSString+iconv.h in Headers */ = {isa = PBXBuildFile; fileRef = C10B3E0927A6EC7B00A19857 /* NSString+iconv.h */; };
		C10B3EB027A7D05200A19857 /* mft.h in Headers */ = {isa = PBXBuildFile; fileRef = C1D2B2BF27A3EE09004D9ACE /* mft.h */; settings = {ATTRIBUTES = (Public, ); }; };
		C10B3EB227A7D05200A19857 /* NSString+iconv.m in Sources */ = {isa = PBXBuildFile; fileRef = C10B3E0A27A6EC7B00A19857 /* NSString+iconv.m */; };
		C10B3EB327A7D05200A19857 /* MFTSftpItem.swift in Sources */ = {isa = PBXBuildFile; fileRef = C1D2B33027A42788004D9ACE /* MFTSftpItem.swift */; };
		C10B3EB427A7D05200A19857 /* MFTSftpConnection.swift in Sources */ = {isa = PBXBuildFile; fileRef = C1D2B2D627A3EE58004D9ACE /* MFTSftpConnection.swift */; };
		C10B3EB627A7D05200A19857 /* libiconv.tbd in Frameworks */ = {isa = PBXBuildFile; fileRef = C10B3E0D27A6EC9C00A19857 /* libiconv.tbd */; };
		C116CC2D2CC182200053B71A /* Localizable.xcstrings in Resources */ = {isa = PBXBuildFile; fileRef = C116CC2C2CC182200053B71A /* Localizable.xcstrings */; };
		C116CC2E2CC182200053B71A /* Localizable.xcstrings in Resources */ = {isa = PBXBuildFile; fileRef = C116CC2C2CC182200053B71A /* Localizable.xcstrings */; };
		C1246FDC27A96C5C000049BF /* libz.tbd in Frameworks */ = {isa = PBXBuildFile; fileRef = C13D169727A894BC009A99B7 /* libz.tbd */; };
		C1246FDE27A96E8B000049BF /* libz.tbd in Frameworks */ = {isa = PBXBuildFile; fileRef = C1246FDD27A96E86000049BF /* libz.tbd */; };
		C13D168927A893F6009A99B7 /* libssh.a in Frameworks */ = {isa = PBXBuildFile; fileRef = C13D168827A893F6009A99B7 /* libssh.a */; };
		C13D169227A8941B009A99B7 /* libcrypto.a in Frameworks */ = {isa = PBXBuildFile; fileRef = C13D169127A8941B009A99B7 /* libcrypto.a */; };
		C13D169427A8941D009A99B7 /* libssl.a in Frameworks */ = {isa = PBXBuildFile; fileRef = C13D169327A8941D009A99B7 /* libssl.a */; };
		C1583B212C6E0F0600AE2E4E /* mftBenchTests.swift in Sources */ = {isa = PBXBuildFile; fileRef = C1583B202C6E0F0600AE2E4E /* mftBenchTests.swift */; };
		C1583B232C6E10DB00AE2E4E /* String+md5.swift in Sources */ = {isa = PBXBuildFile; fileRef = C1583B222C6E10DB00AE2E4E /* String+md5.swift */; };
		C1D2B2C727A3EE09004D9ACE /* mft.framework in Frameworks */ = {isa = PBXBuildFile; fileRef = C1D2B2BC27A3EE09004D9ACE /* mft.framework */; };
		C1D2B2CC27A3EE09004D9ACE /* mftFunctionalTests.swift in Sources */ = {isa = PBXBuildFile; fileRef = C1D2B2CB27A3EE09004D9ACE /* mftFunctionalTests.swift */; };
		C1D2B2CD27A3EE09004D9ACE /* mft.h in Headers */ = {isa = PBXBuildFile; fileRef = C1D2B2BF27A3EE09004D9ACE /* mft.h */; settings = {ATTRIBUTES = (Public, ); }; };
		C1D2B2D727A3EE58004D9ACE /* MFTSftpConnection.swift in Sources */ = {isa = PBXBuildFile; fileRef = C1D2B2D627A3EE58004D9ACE /* MFTSftpConnection.swift */; };
		C1D2B33127A42788004D9ACE /* MFTSftpItem.swift in Sources */ = {isa = PBXBuildFile; fileRef = C1D2B33027A42788004D9ACE /* MFTSftpItem.swift */; };
		C1E0728D2DCD2E0900FDADF5 /* PrivacyInfo.xcprivacy in Resources */ = {isa = PBXBuildFile; fileRef = C1E0728C2DCD2E0900FDADF5 /* PrivacyInfo.xcprivacy */; };
		C1E0728E2DCD2E0900FDADF5 /* PrivacyInfo.xcprivacy in Resources */ = {isa = PBXBuildFile; fileRef = C1E0728C2DCD2E0900FDADF5 /* PrivacyInfo.xcprivacy */; };
/* End PBXBuildFile section */

/* Begin PBXContainerItemProxy section */
		C1D2B2C827A3EE09004D9ACE /* PBXContainerItemProxy */ = {
			isa = PBXContainerItemProxy;
			containerPortal = C1D2B2B327A3EE09004D9ACE /* Project object */;
			proxyType = 1;
			remoteGlobalIDString = C1D2B2BB27A3EE09004D9ACE;
			remoteInfo = mlft;
		};
/* End PBXContainerItemProxy section */

/* Begin PBXFileReference section */
		C10B3E0927A6EC7B00A19857 /* NSString+iconv.h */ = {isa = PBXFileReference; fileEncoding = 4; lastKnownFileType = sourcecode.c.h; path = "NSString+iconv.h"; sourceTree = "<group>"; };
		C10B3E0A27A6EC7B00A19857 /* NSString+iconv.m */ = {isa = PBXFileReference; fileEncoding = 4; lastKnownFileType = sourcecode.c.objc; path = "NSString+iconv.m"; sourceTree = "<group>"; };
		C10B3E0D27A6EC9C00A19857 /* libiconv.tbd */ = {isa = PBXFileReference; lastKnownFileType = "sourcecode.text-based-dylib-definition"; name = libiconv.tbd; path = usr/lib/libiconv.tbd; sourceTree = SDKROOT; };
		C10B3E3327A7006300A19857 /* module.map */ = {isa = PBXFileReference; lastKnownFileType = "sourcecode.module-map"; path = module.map; sourceTree = "<group>"; };
		C10B3EBF27A7D05200A19857 /* mft.framework */ = {isa = PBXFileReference; explicitFileType = wrapper.framework; includeInIndex = 0; path = mft.framework; sourceTree = BUILT_PRODUCTS_DIR; };
		C116CC2C2CC182200053B71A /* Localizable.xcstrings */ = {isa = PBXFileReference; lastKnownFileType = text.json.xcstrings; path = Localizable.xcstrings; sourceTree = "<group>"; };
		C1246FDD27A96E86000049BF /* libz.tbd */ = {isa = PBXFileReference; lastKnownFileType = "sourcecode.text-based-dylib-definition"; name = libz.tbd; path = Platforms/iPhoneOS.platform/Developer/SDKs/iPhoneOS15.2.sdk/usr/lib/libz.tbd; sourceTree = DEVELOPER_DIR; };
		C13D168827A893F6009A99B7 /* libssh.a */ = {isa = PBXFileReference; lastKnownFileType = archive.ar; name = libssh.a; path = libssh/lib_macos/libssh.a; sourceTree = "<group>"; };
		C13D168C27A8940A009A99B7 /* openssl */ = {isa = PBXFileReference; lastKnownFileType = folder; path = openssl; sourceTree = "<group>"; };
		C13D169127A8941B009A99B7 /* libcrypto.a */ = {isa = PBXFileReference; lastKnownFileType = archive.ar; name = libcrypto.a; path = openssl/lib_macos/libcrypto.a; sourceTree = "<group>"; };
		C13D169327A8941D009A99B7 /* libssl.a */ = {isa = PBXFileReference; lastKnownFileType = archive.ar; name = libssl.a; path = openssl/lib_macos/libssl.a; sourceTree = "<group>"; };
		C13D169727A894BC009A99B7 /* libz.tbd */ = {isa = PBXFileReference; lastKnownFileType = "sourcecode.text-based-dylib-definition"; name = libz.tbd; path = usr/lib/libz.tbd; sourceTree = SDKROOT; };
		C1583B042C6DDC2000AE2E4E /* README.md */ = {isa = PBXFileReference; lastKnownFileType = net.daringfireball.markdown; path = README.md; sourceTree = "<group>"; };
		C1583B202C6E0F0600AE2E4E /* mftBenchTests.swift */ = {isa = PBXFileReference; lastKnownFileType = sourcecode.swift; path = mftBenchTests.swift; sourceTree = "<group>"; };
		C1583B222C6E10DB00AE2E4E /* String+md5.swift */ = {isa = PBXFileReference; lastKnownFileType = sourcecode.swift; path = "String+md5.swift"; sourceTree = "<group>"; };
		C1719D7227BE50AC0030CB6E /* Info.plist */ = {isa = PBXFileReference; lastKnownFileType = text.plist; path = Info.plist; sourceTree = "<group>"; };
		C1719D7327BE50DB0030CB6E /* mft-ios-Info.plist */ = {isa = PBXFileReference; lastKnownFileType = text.plist.xml; path = "mft-ios-Info.plist"; sourceTree = "<group>"; };
		C1D2B2BC27A3EE09004D9ACE /* mft.framework */ = {isa = PBXFileReference; explicitFileType = wrapper.framework; includeInIndex = 0; path = mft.framework; sourceTree = BUILT_PRODUCTS_DIR; };
		C1D2B2BF27A3EE09004D9ACE /* mft.h */ = {isa = PBXFileReference; lastKnownFileType = sourcecode.c.h; path = mft.h; sourceTree = "<group>"; };
		C1D2B2C627A3EE09004D9ACE /* mftTests.xctest */ = {isa = PBXFileReference; explicitFileType = wrapper.cfbundle; includeInIndex = 0; path = mftTests.xctest; sourceTree = BUILT_PRODUCTS_DIR; };
		C1D2B2CB27A3EE09004D9ACE /* mftFunctionalTests.swift */ = {isa = PBXFileReference; lastKnownFileType = sourcecode.swift; path = mftFunctionalTests.swift; sourceTree = "<group>"; };
		C1D2B2D627A3EE58004D9ACE /* MFTSftpConnection.swift */ = {isa = PBXFileReference; lastKnownFileType = sourcecode.swift; path = MFTSftpConnection.swift; sourceTree = "<group>"; };
		C1D2B2EC27A3F0A0004D9ACE /* libssh */ = {isa = PBXFileReference; lastKnownFileType = folder; path = libssh; sourceTree = "<group>"; };
		C1D2B33027A42788004D9ACE /* MFTSftpItem.swift */ = {isa = PBXFileReference; lastKnownFileType = sourcecode.swift; path = MFTSftpItem.swift; sourceTree = "<group>"; };
		C1E0728C2DCD2E0900FDADF5 /* PrivacyInfo.xcprivacy */ = {isa = PBXFileReference; lastKnownFileType = text.xml; path = PrivacyInfo.xcprivacy; sourceTree = "<group>"; };
/* End PBXFileReference section */

/* Begin PBXFrameworksBuildPhase section */
		C10B3EB527A7D05200A19857 /* Frameworks */ = {
			isa = PBXFrameworksBuildPhase;
			buildActionMask = 2147483647;
			files = (
				C10B3EB627A7D05200A19857 /* libiconv.tbd in Frameworks */,
				C1246FDE27A96E8B000049BF /* libz.tbd in Frameworks */,
			);
			runOnlyForDeploymentPostprocessing = 0;
		};
		C1D2B2B927A3EE09004D9ACE /* Frameworks */ = {
			isa = PBXFrameworksBuildPhase;
			buildActionMask = 2147483647;
			files = (
				C13D169427A8941D009A99B7 /* libssl.a in Frameworks */,
				C13D168927A893F6009A99B7 /* libssh.a in Frameworks */,
				C10B3E0E27A6ECA900A19857 /* libiconv.tbd in Frameworks */,
				C13D169227A8941B009A99B7 /* libcrypto.a in Frameworks */,
				C1246FDC27A96C5C000049BF /* libz.tbd in Frameworks */,
			);
			runOnlyForDeploymentPostprocessing = 0;
		};
		C1D2B2C327A3EE09004D9ACE /* Frameworks */ = {
			isa = PBXFrameworksBuildPhase;
			buildActionMask = 2147483647;
			files = (
				C1D2B2C727A3EE09004D9ACE /* mft.framework in Frameworks */,
			);
			runOnlyForDeploymentPostprocessing = 0;
		};
/* End PBXFrameworksBuildPhase section */

/* Begin PBXGroup section */
		C1D2B2B227A3EE09004D9ACE = {
			isa = PBXGroup;
			children = (
				C1583B042C6DDC2000AE2E4E /* README.md */,
				C13D168C27A8940A009A99B7 /* openssl */,
				C1D2B2EC27A3F0A0004D9ACE /* libssh */,
				C1D2B2BE27A3EE09004D9ACE /* mft */,
				C1D2B2CA27A3EE09004D9ACE /* mftTests */,
				C1D2B2BD27A3EE09004D9ACE /* Products */,
				C1D2B2E327A3EFF4004D9ACE /* Frameworks */,
			);
			sourceTree = "<group>";
		};
		C1D2B2BD27A3EE09004D9ACE /* Products */ = {
			isa = PBXGroup;
			children = (
				C1D2B2BC27A3EE09004D9ACE /* mft.framework */,
				C1D2B2C627A3EE09004D9ACE /* mftTests.xctest */,
				C10B3EBF27A7D05200A19857 /* mft.framework */,
			);
			name = Products;
			sourceTree = "<group>";
		};
		C1D2B2BE27A3EE09004D9ACE /* mft */ = {
			isa = PBXGroup;
			children = (
				C1719D7327BE50DB0030CB6E /* mft-ios-Info.plist */,
				C1719D7227BE50AC0030CB6E /* Info.plist */,
				C1D2B2BF27A3EE09004D9ACE /* mft.h */,
				C1D2B2D627A3EE58004D9ACE /* MFTSftpConnection.swift */,
				C1D2B33027A42788004D9ACE /* MFTSftpItem.swift */,
				C10B3E0927A6EC7B00A19857 /* NSString+iconv.h */,
				C10B3E0A27A6EC7B00A19857 /* NSString+iconv.m */,
				C10B3E3327A7006300A19857 /* module.map */,
				C116CC2C2CC182200053B71A /* Localizable.xcstrings */,
				C1E0728C2DCD2E0900FDADF5 /* PrivacyInfo.xcprivacy */,
			);
			path = mft;
			sourceTree = "<group>";
		};
		C1D2B2CA27A3EE09004D9ACE /* mftTests */ = {
			isa = PBXGroup;
			children = (
				C1D2B2CB27A3EE09004D9ACE /* mftFunctionalTests.swift */,
				C1583B202C6E0F0600AE2E4E /* mftBenchTests.swift */,
				C1583B222C6E10DB00AE2E4E /* String+md5.swift */,
			);
			path = mftTests;
			sourceTree = "<group>";
		};
		C1D2B2E327A3EFF4004D9ACE /* Frameworks */ = {
			isa = PBXGroup;
			children = (
				C13D169727A894BC009A99B7 /* libz.tbd */,
				C1246FDD27A96E86000049BF /* libz.tbd */,
				C10B3E0D27A6EC9C00A19857 /* libiconv.tbd */,
				C13D169127A8941B009A99B7 /* libcrypto.a */,
				C13D169327A8941D009A99B7 /* libssl.a */,
				C13D168827A893F6009A99B7 /* libssh.a */,
			);
			name = Frameworks;
			sourceTree = "<group>";
		};
/* End PBXGroup section */

/* Begin PBXHeadersBuildPhase section */
		C10B3EAE27A7D05200A19857 /* Headers */ = {
			isa = PBXHeadersBuildPhase;
			buildActionMask = 2147483647;
			files = (
				C10B3EAF27A7D05200A19857 /* NSString+iconv.h in Headers */,
				C10B3EB027A7D05200A19857 /* mft.h in Headers */,
			);
			runOnlyForDeploymentPostprocessing = 0;
		};
		C1D2B2B727A3EE09004D9ACE /* Headers */ = {
			isa = PBXHeadersBuildPhase;
			buildActionMask = 2147483647;
			files = (
				C10B3E0B27A6EC7B00A19857 /* NSString+iconv.h in Headers */,
				C1D2B2CD27A3EE09004D9ACE /* mft.h in Headers */,
			);
			runOnlyForDeploymentPostprocessing = 0;
		};
/* End PBXHeadersBuildPhase section */

/* Begin PBXNativeTarget section */
		C10B3EAD27A7D05200A19857 /* mft ios */ = {
			isa = PBXNativeTarget;
			buildConfigurationList = C10B3EBC27A7D05200A19857 /* Build configuration list for PBXNativeTarget "mft ios" */;
			buildPhases = (
				C10B3EAE27A7D05200A19857 /* Headers */,
				C10B3EB127A7D05200A19857 /* Sources */,
				C10B3EB527A7D05200A19857 /* Frameworks */,
				C10B3EB827A7D05200A19857 /* Resources */,
			);
			buildRules = (
			);
			dependencies = (
			);
			name = "mft ios";
			productName = mlft;
			productReference = C10B3EBF27A7D05200A19857 /* mft.framework */;
			productType = "com.apple.product-type.framework";
		};
		C1D2B2BB27A3EE09004D9ACE /* mft */ = {
			isa = PBXNativeTarget;
			buildConfigurationList = C1D2B2D027A3EE09004D9ACE /* Build configuration list for PBXNativeTarget "mft" */;
			buildPhases = (
				C1D2B2B727A3EE09004D9ACE /* Headers */,
				C1D2B2B827A3EE09004D9ACE /* Sources */,
				C1D2B2B927A3EE09004D9ACE /* Frameworks */,
				C1D2B2BA27A3EE09004D9ACE /* Resources */,
			);
			buildRules = (
			);
			dependencies = (
			);
			name = mft;
			productName = mlft;
			productReference = C1D2B2BC27A3EE09004D9ACE /* mft.framework */;
			productType = "com.apple.product-type.framework";
		};
		C1D2B2C527A3EE09004D9ACE /* mftTests */ = {
			isa = PBXNativeTarget;
			buildConfigurationList = C1D2B2D327A3EE09004D9ACE /* Build configuration list for PBXNativeTarget "mftTests" */;
			buildPhases = (
				C1D2B2C227A3EE09004D9ACE /* Sources */,
				C1D2B2C327A3EE09004D9ACE /* Frameworks */,
				C1D2B2C427A3EE09004D9ACE /* Resources */,
			);
			buildRules = (
			);
			dependencies = (
				C1D2B2C927A3EE09004D9ACE /* PBXTargetDependency */,
			);
			name = mftTests;
			productName = mlftTests;
			productReference = C1D2B2C627A3EE09004D9ACE /* mftTests.xctest */;
			productType = "com.apple.product-type.bundle.unit-test";
		};
/* End PBXNativeTarget section */

/* Begin PBXProject section */
		C1D2B2B327A3EE09004D9ACE /* Project object */ = {
			isa = PBXProject;
			attributes = {
				BuildIndependentTargetsInParallel = 1;
				LastSwiftUpdateCheck = 1320;
				LastUpgradeCheck = 1320;
				TargetAttributes = {
					C1D2B2BB27A3EE09004D9ACE = {
						CreatedOnToolsVersion = 13.2.1;
						LastSwiftMigration = 1320;
					};
					C1D2B2C527A3EE09004D9ACE = {
						CreatedOnToolsVersion = 13.2.1;
					};
				};
			};
			buildConfigurationList = C1D2B2B627A3EE09004D9ACE /* Build configuration list for PBXProject "mft" */;
			compatibilityVersion = "Xcode 13.0";
			developmentRegion = en;
			hasScannedForEncodings = 0;
			knownRegions = (
				en,
				de,
				Base,
				pl,
				ru,
				fr,
			);
			mainGroup = C1D2B2B227A3EE09004D9ACE;
			productRefGroup = C1D2B2BD27A3EE09004D9ACE /* Products */;
			projectDirPath = "";
			projectRoot = "";
			targets = (
				C1D2B2BB27A3EE09004D9ACE /* mft */,
				C1D2B2C527A3EE09004D9ACE /* mftTests */,
				C10B3EAD27A7D05200A19857 /* mft ios */,
			);
		};
/* End PBXProject section */

/* Begin PBXResourcesBuildPhase section */
		C10B3EB827A7D05200A19857 /* Resources */ = {
			isa = PBXResourcesBuildPhase;
			buildActionMask = 2147483647;
			files = (
				C1E0728E2DCD2E0900FDADF5 /* PrivacyInfo.xcprivacy in Resources */,
				C116CC2E2CC182200053B71A /* Localizable.xcstrings in Resources */,
			);
			runOnlyForDeploymentPostprocessing = 0;
		};
		C1D2B2BA27A3EE09004D9ACE /* Resources */ = {
			isa = PBXResourcesBuildPhase;
			buildActionMask = 2147483647;
			files = (
				C1E0728D2DCD2E0900FDADF5 /* PrivacyInfo.xcprivacy in Resources */,
				C116CC2D2CC182200053B71A /* Localizable.xcstrings in Resources */,
			);
			runOnlyForDeploymentPostprocessing = 0;
		};
		C1D2B2C427A3EE09004D9ACE /* Resources */ = {
			isa = PBXResourcesBuildPhase;
			buildActionMask = 2147483647;
			files = (
			);
			runOnlyForDeploymentPostprocessing = 0;
		};
/* End PBXResourcesBuildPhase section */

/* Begin PBXSourcesBuildPhase section */
		C10B3EB127A7D05200A19857 /* Sources */ = {
			isa = PBXSourcesBuildPhase;
			buildActionMask = 2147483647;
			files = (
				C10B3EB227A7D05200A19857 /* NSString+iconv.m in Sources */,
				C10B3EB327A7D05200A19857 /* MFTSftpItem.swift in Sources */,
				C10B3EB427A7D05200A19857 /* MFTSftpConnection.swift in Sources */,
			);
			runOnlyForDeploymentPostprocessing = 0;
		};
		C1D2B2B827A3EE09004D9ACE /* Sources */ = {
			isa = PBXSourcesBuildPhase;
			buildActionMask = 2147483647;
			files = (
				C10B3E0C27A6EC7B00A19857 /* NSString+iconv.m in Sources */,
				C1D2B33127A42788004D9ACE /* MFTSftpItem.swift in Sources */,
				C1D2B2D727A3EE58004D9ACE /* MFTSftpConnection.swift in Sources */,
			);
			runOnlyForDeploymentPostprocessing = 0;
		};
		C1D2B2C227A3EE09004D9ACE /* Sources */ = {
			isa = PBXSourcesBuildPhase;
			buildActionMask = 2147483647;
			files = (
				C1583B212C6E0F0600AE2E4E /* mftBenchTests.swift in Sources */,
				C1D2B2CC27A3EE09004D9ACE /* mftFunctionalTests.swift in Sources */,
				C1583B232C6E10DB00AE2E4E /* String+md5.swift in Sources */,
			);
			runOnlyForDeploymentPostprocessing = 0;
		};
/* End PBXSourcesBuildPhase section */

/* Begin PBXTargetDependency section */
		C1D2B2C927A3EE09004D9ACE /* PBXTargetDependency */ = {
			isa = PBXTargetDependency;
			target = C1D2B2BB27A3EE09004D9ACE /* mft */;
			targetProxy = C1D2B2C827A3EE09004D9ACE /* PBXContainerItemProxy */;
		};
/* End PBXTargetDependency section */

/* Begin XCBuildConfiguration section */
		C10B3EBD27A7D05200A19857 /* Debug */ = {
			isa = XCBuildConfiguration;
			buildSettings = {
				APPLICATION_EXTENSION_API_ONLY = NO;
				CLANG_ENABLE_MODULES = YES;
				CODE_SIGN_STYLE = Automatic;
				COMBINE_HIDPI_IMAGES = YES;
				CURRENT_PROJECT_VERSION = 1;
				DEFINES_MODULE = YES;
				DEVELOPMENT_ASSET_PATHS = "";
				DEVELOPMENT_TEAM = 4FCG286D3J;
				DYLIB_COMPATIBILITY_VERSION = 1;
				DYLIB_CURRENT_VERSION = 1;
				DYLIB_INSTALL_NAME_BASE = "@rpath";
				EXCLUDED_ARCHS = "";
				GENERATE_INFOPLIST_FILE = YES;
				HEADER_SEARCH_PATHS = "${SRCROOT}/libssh/include";
				INFOPLIST_FILE = "mft/mft-ios-Info.plist";
				INFOPLIST_KEY_NSHumanReadableCopyright = "";
				INSTALL_PATH = "$(LOCAL_LIBRARY_DIR)/Frameworks";
				IPHONEOS_DEPLOYMENT_TARGET = 13.5;
				LD_RUNPATH_SEARCH_PATHS = (
					"$(inherited)",
					"@executable_path/../Frameworks",
					"@loader_path/Frameworks",
				);
				"LIBRARY_SEARCH_PATHS[sdk=iphoneos*]" = (
					"$(PROJECT_DIR)/libssh/lib_ios",
					"$(PROJECT_DIR)/openssl/lib_ios",
				);
				"LIBRARY_SEARCH_PATHS[sdk=iphonesimulator*]" = (
					"$(PROJECT_DIR)/libssh/lib_sim",
					"$(PROJECT_DIR)/openssl/lib_sim",
				);
				MARKETING_VERSION = 1.1.2;
				MODULEMAP_FILE = "";
				OTHER_LDFLAGS = (
					"-lcrypto",
					"-lssl",
					"-lssh",
				);
				PRODUCT_BUNDLE_IDENTIFIER = com.mpl.mft;
				PRODUCT_NAME = mft;
				SDKROOT = iphoneos;
				SKIP_INSTALL = NO;
				SUPPORTS_MACCATALYST = NO;
				SWIFT_EMIT_LOC_STRINGS = YES;
				SWIFT_OPTIMIZATION_LEVEL = "-Onone";
				SWIFT_VERSION = 5.0;
				TARGETED_DEVICE_FAMILY = "1,2";
				VALIDATE_WORKSPACE = YES;
			};
			name = Debug;
		};
		C10B3EBE27A7D05200A19857 /* Release */ = {
			isa = XCBuildConfiguration;
			buildSettings = {
				APPLICATION_EXTENSION_API_ONLY = NO;
				CLANG_ENABLE_MODULES = YES;
				CODE_SIGN_STYLE = Automatic;
				COMBINE_HIDPI_IMAGES = YES;
				CURRENT_PROJECT_VERSION = 1;
				DEFINES_MODULE = YES;
				DEVELOPMENT_ASSET_PATHS = "";
				DEVELOPMENT_TEAM = 4FCG286D3J;
				DYLIB_COMPATIBILITY_VERSION = 1;
				DYLIB_CURRENT_VERSION = 1;
				DYLIB_INSTALL_NAME_BASE = "@rpath";
				GENERATE_INFOPLIST_FILE = YES;
				HEADER_SEARCH_PATHS = "${SRCROOT}/libssh/include";
				INFOPLIST_FILE = "mft/mft-ios-Info.plist";
				INFOPLIST_KEY_NSHumanReadableCopyright = "";
				INSTALL_PATH = "$(LOCAL_LIBRARY_DIR)/Frameworks";
				IPHONEOS_DEPLOYMENT_TARGET = 13.5;
				LD_RUNPATH_SEARCH_PATHS = (
					"$(inherited)",
					"@executable_path/../Frameworks",
					"@loader_path/Frameworks",
				);
				LIBRARY_SEARCH_PATHS = "";
				"LIBRARY_SEARCH_PATHS[sdk=iphoneos*]" = (
					"$(PROJECT_DIR)/libssh/lib_ios",
					"$(PROJECT_DIR)/openssl/lib_ios",
				);
				"LIBRARY_SEARCH_PATHS[sdk=iphonesimulator*]" = (
					"$(PROJECT_DIR)/libssh/lib_sim",
					"$(PROJECT_DIR)/openssl/lib_sim",
				);
				MARKETING_VERSION = 1.1.2;
				MODULEMAP_FILE = "";
				OTHER_LDFLAGS = (
					"-lcrypto",
					"-lssl",
					"-lssh",
				);
				PRODUCT_BUNDLE_IDENTIFIER = com.mpl.mft;
				PRODUCT_NAME = mft;
				SDKROOT = iphoneos;
				SKIP_INSTALL = NO;
				SUPPORTS_MACCATALYST = NO;
				SWIFT_EMIT_LOC_STRINGS = YES;
				SWIFT_VERSION = 5.0;
				TARGETED_DEVICE_FAMILY = "1,2";
				VALIDATE_WORKSPACE = YES;
			};
			name = Release;
		};
		C1D2B2CE27A3EE09004D9ACE /* Debug */ = {
			isa = XCBuildConfiguration;
			buildSettings = {
				ALWAYS_SEARCH_USER_PATHS = NO;
				BUILD_LIBRARY_FOR_DISTRIBUTION = YES;
				CLANG_ANALYZER_NONNULL = YES;
				CLANG_ANALYZER_NUMBER_OBJECT_CONVERSION = YES_AGGRESSIVE;
				CLANG_CXX_LANGUAGE_STANDARD = "gnu++17";
				CLANG_CXX_LIBRARY = "libc++";
				CLANG_ENABLE_MODULES = YES;
				CLANG_ENABLE_OBJC_ARC = YES;
				CLANG_ENABLE_OBJC_WEAK = YES;
				CLANG_WARN_BLOCK_CAPTURE_AUTORELEASING = YES;
				CLANG_WARN_BOOL_CONVERSION = YES;
				CLANG_WARN_COMMA = YES;
				CLANG_WARN_CONSTANT_CONVERSION = YES;
				CLANG_WARN_DEPRECATED_OBJC_IMPLEMENTATIONS = YES;
				CLANG_WARN_DIRECT_OBJC_ISA_USAGE = YES_ERROR;
				CLANG_WARN_DOCUMENTATION_COMMENTS = YES;
				CLANG_WARN_EMPTY_BODY = YES;
				CLANG_WARN_ENUM_CONVERSION = YES;
				CLANG_WARN_INFINITE_RECURSION = YES;
				CLANG_WARN_INT_CONVERSION = YES;
				CLANG_WARN_NON_LITERAL_NULL_CONVERSION = YES;
				CLANG_WARN_OBJC_IMPLICIT_RETAIN_SELF = YES;
				CLANG_WARN_OBJC_LITERAL_CONVERSION = YES;
				CLANG_WARN_OBJC_ROOT_CLASS = YES_ERROR;
				CLANG_WARN_QUOTED_INCLUDE_IN_FRAMEWORK_HEADER = YES;
				CLANG_WARN_RANGE_LOOP_ANALYSIS = YES;
				CLANG_WARN_STRICT_PROTOTYPES = YES;
				CLANG_WARN_SUSPICIOUS_MOVE = YES;
				CLANG_WARN_UNGUARDED_AVAILABILITY = YES_AGGRESSIVE;
				CLANG_WARN_UNREACHABLE_CODE = YES;
				CLANG_WARN__DUPLICATE_METHOD_MATCH = YES;
				COPY_PHASE_STRIP = NO;
				CURRENT_PROJECT_VERSION = 1;
				DEBUG_INFORMATION_FORMAT = dwarf;
				DEFINES_MODULE = YES;
				ENABLE_STRICT_OBJC_MSGSEND = YES;
				ENABLE_TESTABILITY = YES;
				GCC_C_LANGUAGE_STANDARD = gnu11;
				GCC_DYNAMIC_NO_PIC = NO;
				GCC_NO_COMMON_BLOCKS = YES;
				GCC_OPTIMIZATION_LEVEL = 0;
				GCC_PREPROCESSOR_DEFINITIONS = (
					"DEBUG=1",
					"$(inherited)",
				);
				GCC_WARN_64_TO_32_BIT_CONVERSION = YES;
				GCC_WARN_ABOUT_RETURN_TYPE = YES_ERROR;
				GCC_WARN_UNDECLARED_SELECTOR = YES;
				GCC_WARN_UNINITIALIZED_AUTOS = YES_AGGRESSIVE;
				GCC_WARN_UNUSED_FUNCTION = YES;
				GCC_WARN_UNUSED_VARIABLE = YES;
				IPHONEOS_DEPLOYMENT_TARGET = 13.5;
				LOCALIZATION_PREFERS_STRING_CATALOGS = YES;
				MACOSX_DEPLOYMENT_TARGET = 10.13.6;
				MODULEMAP_FILE = "";
				MTL_ENABLE_DEBUG_INFO = INCLUDE_SOURCE;
				MTL_FAST_MATH = YES;
				ONLY_ACTIVE_ARCH = YES;
				SDKROOT = macosx;
				SWIFT_ACTIVE_COMPILATION_CONDITIONS = DEBUG;
				SWIFT_EMIT_LOC_STRINGS = YES;
				SWIFT_INCLUDE_PATHS = "libssh mft";
				SWIFT_OBJC_BRIDGING_HEADER = "";
				SWIFT_OPTIMIZATION_LEVEL = "-Onone";
				VERSIONING_SYSTEM = "apple-generic";
				VERSION_INFO_PREFIX = "";
			};
			name = Debug;
		};
		C1D2B2CF27A3EE09004D9ACE /* Release */ = {
			isa = XCBuildConfiguration;
			buildSettings = {
				ALWAYS_SEARCH_USER_PATHS = NO;
				BUILD_LIBRARY_FOR_DISTRIBUTION = YES;
				CLANG_ANALYZER_NONNULL = YES;
				CLANG_ANALYZER_NUMBER_OBJECT_CONVERSION = YES_AGGRESSIVE;
				CLANG_CXX_LANGUAGE_STANDARD = "gnu++17";
				CLANG_CXX_LIBRARY = "libc++";
				CLANG_ENABLE_MODULES = YES;
				CLANG_ENABLE_OBJC_ARC = YES;
				CLANG_ENABLE_OBJC_WEAK = YES;
				CLANG_WARN_BLOCK_CAPTURE_AUTORELEASING = YES;
				CLANG_WARN_BOOL_CONVERSION = YES;
				CLANG_WARN_COMMA = YES;
				CLANG_WARN_CONSTANT_CONVERSION = YES;
				CLANG_WARN_DEPRECATED_OBJC_IMPLEMENTATIONS = YES;
				CLANG_WARN_DIRECT_OBJC_ISA_USAGE = YES_ERROR;
				CLANG_WARN_DOCUMENTATION_COMMENTS = YES;
				CLANG_WARN_EMPTY_BODY = YES;
				CLANG_WARN_ENUM_CONVERSION = YES;
				CLANG_WARN_INFINITE_RECURSION = YES;
				CLANG_WARN_INT_CONVERSION = YES;
				CLANG_WARN_NON_LITERAL_NULL_CONVERSION = YES;
				CLANG_WARN_OBJC_IMPLICIT_RETAIN_SELF = YES;
				CLANG_WARN_OBJC_LITERAL_CONVERSION = YES;
				CLANG_WARN_OBJC_ROOT_CLASS = YES_ERROR;
				CLANG_WARN_QUOTED_INCLUDE_IN_FRAMEWORK_HEADER = YES;
				CLANG_WARN_RANGE_LOOP_ANALYSIS = YES;
				CLANG_WARN_STRICT_PROTOTYPES = YES;
				CLANG_WARN_SUSPICIOUS_MOVE = YES;
				CLANG_WARN_UNGUARDED_AVAILABILITY = YES_AGGRESSIVE;
				CLANG_WARN_UNREACHABLE_CODE = YES;
				CLANG_WARN__DUPLICATE_METHOD_MATCH = YES;
				COPY_PHASE_STRIP = NO;
				CURRENT_PROJECT_VERSION = 1;
				DEBUG_INFORMATION_FORMAT = "dwarf-with-dsym";
				DEFINES_MODULE = YES;
				ENABLE_NS_ASSERTIONS = NO;
				ENABLE_STRICT_OBJC_MSGSEND = YES;
				GCC_C_LANGUAGE_STANDARD = gnu11;
				GCC_NO_COMMON_BLOCKS = YES;
				GCC_WARN_64_TO_32_BIT_CONVERSION = YES;
				GCC_WARN_ABOUT_RETURN_TYPE = YES_ERROR;
				GCC_WARN_UNDECLARED_SELECTOR = YES;
				GCC_WARN_UNINITIALIZED_AUTOS = YES_AGGRESSIVE;
				GCC_WARN_UNUSED_FUNCTION = YES;
				GCC_WARN_UNUSED_VARIABLE = YES;
				IPHONEOS_DEPLOYMENT_TARGET = 13.5;
				LOCALIZATION_PREFERS_STRING_CATALOGS = YES;
				MACOSX_DEPLOYMENT_TARGET = 10.13.6;
				MODULEMAP_FILE = "";
				MTL_ENABLE_DEBUG_INFO = NO;
				MTL_FAST_MATH = YES;
				SDKROOT = macosx;
				SWIFT_COMPILATION_MODE = wholemodule;
				SWIFT_EMIT_LOC_STRINGS = YES;
				SWIFT_INCLUDE_PATHS = "libssh mft";
				SWIFT_OBJC_BRIDGING_HEADER = "";
				SWIFT_OPTIMIZATION_LEVEL = "-O";
				VERSIONING_SYSTEM = "apple-generic";
				VERSION_INFO_PREFIX = "";
			};
			name = Release;
		};
		C1D2B2D127A3EE09004D9ACE /* Debug */ = {
			isa = XCBuildConfiguration;
			buildSettings = {
				APPLICATION_EXTENSION_API_ONLY = NO;
				CLANG_ENABLE_MODULES = YES;
				CODE_SIGN_STYLE = Automatic;
				COMBINE_HIDPI_IMAGES = YES;
				CURRENT_PROJECT_VERSION = 1;
				DEFINES_MODULE = YES;
				DEVELOPMENT_ASSET_PATHS = "";
				DEVELOPMENT_TEAM = 4FCG286D3J;
				DYLIB_COMPATIBILITY_VERSION = 1;
				DYLIB_CURRENT_VERSION = 1;
				DYLIB_INSTALL_NAME_BASE = "@rpath";
				GENERATE_INFOPLIST_FILE = YES;
				HEADER_SEARCH_PATHS = "${SRCROOT}/libssh/include";
				INFOPLIST_FILE = mft/Info.plist;
				INFOPLIST_KEY_NSHumanReadableCopyright = "";
				INSTALL_PATH = "$(LOCAL_LIBRARY_DIR)/Frameworks";
				LD_RUNPATH_SEARCH_PATHS = (
					"$(inherited)",
					"@executable_path/../Frameworks",
					"@loader_path/Frameworks",
				);
				LIBRARY_SEARCH_PATHS = (
					"$(inherited)",
					"$(PROJECT_DIR)/libssh/lib_macos",
					"$(PROJECT_DIR)/openssl/lib_macos",
				);
				MARKETING_VERSION = 1.1.2;
				MODULEMAP_FILE = "";
				PRODUCT_BUNDLE_IDENTIFIER = com.mpl.mft;
				PRODUCT_NAME = "$(TARGET_NAME:c99extidentifier)";
				SKIP_INSTALL = NO;
				SWIFT_EMIT_LOC_STRINGS = YES;
				SWIFT_OPTIMIZATION_LEVEL = "-Onone";
				SWIFT_VERSION = 5.0;
			};
			name = Debug;
		};
		C1D2B2D227A3EE09004D9ACE /* Release */ = {
			isa = XCBuildConfiguration;
			buildSettings = {
				APPLICATION_EXTENSION_API_ONLY = NO;
				CLANG_ENABLE_MODULES = YES;
				CODE_SIGN_STYLE = Automatic;
				COMBINE_HIDPI_IMAGES = YES;
				CURRENT_PROJECT_VERSION = 1;
				DEFINES_MODULE = YES;
				DEVELOPMENT_ASSET_PATHS = "";
				DEVELOPMENT_TEAM = 4FCG286D3J;
				DYLIB_COMPATIBILITY_VERSION = 1;
				DYLIB_CURRENT_VERSION = 1;
				DYLIB_INSTALL_NAME_BASE = "@rpath";
				GENERATE_INFOPLIST_FILE = YES;
				HEADER_SEARCH_PATHS = "${SRCROOT}/libssh/include";
				INFOPLIST_FILE = mft/Info.plist;
				INFOPLIST_KEY_NSHumanReadableCopyright = "";
				INSTALL_PATH = "$(LOCAL_LIBRARY_DIR)/Frameworks";
				LD_RUNPATH_SEARCH_PATHS = (
					"$(inherited)",
					"@executable_path/../Frameworks",
					"@loader_path/Frameworks",
				);
				LIBRARY_SEARCH_PATHS = (
					"$(inherited)",
					"$(PROJECT_DIR)/libssh/lib_macos",
					"$(PROJECT_DIR)/openssl/lib_macos",
				);
				MARKETING_VERSION = 1.1.2;
				MODULEMAP_FILE = "";
				PRODUCT_BUNDLE_IDENTIFIER = com.mpl.mft;
				PRODUCT_NAME = "$(TARGET_NAME:c99extidentifier)";
				SKIP_INSTALL = NO;
				SWIFT_EMIT_LOC_STRINGS = YES;
				SWIFT_VERSION = 5.0;
			};
			name = Release;
		};
		C1D2B2D427A3EE09004D9ACE /* Debug */ = {
			isa = XCBuildConfiguration;
			buildSettings = {
				ALWAYS_EMBED_SWIFT_STANDARD_LIBRARIES = YES;
				CODE_SIGN_STYLE = Automatic;
				CURRENT_PROJECT_VERSION = 1;
				DEVELOPMENT_TEAM = 4FCG286D3J;
				GENERATE_INFOPLIST_FILE = YES;
				MARKETING_VERSION = 1.0;
				PRODUCT_BUNDLE_IDENTIFIER = mpl.mftTests;
				PRODUCT_NAME = "$(TARGET_NAME)";
				SWIFT_EMIT_LOC_STRINGS = NO;
				SWIFT_VERSION = 5.0;
			};
			name = Debug;
		};
		C1D2B2D527A3EE09004D9ACE /* Release */ = {
			isa = XCBuildConfiguration;
			buildSettings = {
				ALWAYS_EMBED_SWIFT_STANDARD_LIBRARIES = YES;
				CODE_SIGN_STYLE = Automatic;
				CURRENT_PROJECT_VERSION = 1;
				DEVELOPMENT_TEAM = 4FCG286D3J;
				GENERATE_INFOPLIST_FILE = YES;
				MARKETING_VERSION = 1.0;
				PRODUCT_BUNDLE_IDENTIFIER = mpl.mftTests;
				PRODUCT_NAME = "$(TARGET_NAME)";
				SWIFT_EMIT_LOC_STRINGS = NO;
				SWIFT_VERSION = 5.0;
			};
			name = Release;
		};
/* End XCBuildConfiguration section */

/* Begin XCConfigurationList section */
		C10B3EBC27A7D05200A19857 /* Build configuration list for PBXNativeTarget "mft ios" */ = {
			isa = XCConfigurationList;
			buildConfigurations = (
				C10B3EBD27A7D05200A19857 /* Debug */,
				C10B3EBE27A7D05200A19857 /* Release */,
			);
			defaultConfigurationIsVisible = 0;
			defaultConfigurationName = Release;
		};
		C1D2B2B627A3EE09004D9ACE /* Build configuration list for PBXProject "mft" */ = {
			isa = XCConfigurationList;
			buildConfigurations = (
				C1D2B2CE27A3EE09004D9ACE /* Debug */,
				C1D2B2CF27A3EE09004D9ACE /* Release */,
			);
			defaultConfigurationIsVisible = 0;
			defaultConfigurationName = Release;
		};
		C1D2B2D027A3EE09004D9ACE /* Build configuration list for PBXNativeTarget "mft" */ = {
			isa = XCConfigurationList;
			buildConfigurations = (
				C1D2B2D127A3EE09004D9ACE /* Debug */,
				C1D2B2D227A3EE09004D9ACE /* Release */,
			);
			defaultConfigurationIsVisible = 0;
			defaultConfigurationName = Release;
		};
		C1D2B2D327A3EE09004D9ACE /* Build configuration list for PBXNativeTarget "mftTests" */ = {
			isa = XCConfigurationList;
			buildConfigurations = (
				C1D2B2D427A3EE09004D9ACE /* Debug */,
				C1D2B2D527A3EE09004D9ACE /* Release */,
			);
			defaultConfigurationIsVisible = 0;
			defaultConfigurationName = Release;
		};
/* End XCConfigurationList section */
	};
	rootObject = C1D2B2B327A3EE09004D9ACE /* Project object */;
}
